
Microsoft Visual Studio Solution File, Format Version 12.00
Project("{FAE04EC0-301F-11D3-BF4B-00C04F79EFBC}") = "XeniaManager", "source\XeniaManager\XeniaManager.csproj", "{C1194559-39E9-4BE5-9BEC-ECFE90D74B08}"
EndProject
Project("{FAE04EC0-301F-11D3-BF4B-00C04F79EFBC}") = "XeniaManager.Tests", "tests\XeniaManager.Tests\XeniaManager.Tests.csproj", "{57CB1591-BB63-4C70-8D25-11A1F6D19E8E}"
EndProject
Project("{FAE04EC0-301F-11D3-BF4B-00C04F79EFBC}") = "XeniaManager.Core", "source\XeniaManager.Core\XeniaManager.Core.csproj", "{52D80288-1FE3-4A4F-9C85-E5BEFF5D92A0}"
EndProject
Global
	GlobalSection(SolutionConfigurationPlatforms) = preSolution
		Debug|Any CPU = Debug|Any CPU
		Release|Any CPU = Release|Any CPU
	EndGlobalSection
	GlobalSection(ProjectConfigurationPlatforms) = postSolution
		{C1194559-39E9-4BE5-9BEC-ECFE90D74B08}.Debug|Any CPU.ActiveCfg = Debug|Any CPU
		{C1194559-39E9-4BE5-9BEC-ECFE90D74B08}.Debug|Any CPU.Build.0 = Debug|Any CPU
		{C1194559-39E9-4BE5-9BEC-ECFE90D74B08}.Release|Any CPU.ActiveCfg = Release|Any CPU
		{C1194559-39E9-4BE5-9BEC-ECFE90D74B08}.Release|Any CPU.Build.0 = Release|Any CPU
		{57CB1591-BB63-4C70-8D25-11A1F6D19E8E}.Debug|Any CPU.ActiveCfg = Debug|Any CPU
		{57CB1591-BB63-4C70-8D25-11A1F6D19E8E}.Debug|Any CPU.Build.0 = Debug|Any CPU
		{57CB1591-BB63-4C70-8D25-11A1F6D19E8E}.Release|Any CPU.ActiveCfg = Release|Any CPU
		{57CB1591-BB63-4C70-8D25-11A1F6D19E8E}.Release|Any CPU.Build.0 = Release|Any CPU
		{52D80288-1FE3-4A4F-9C85-E5BEFF5D92A0}.Debug|Any CPU.ActiveCfg = Debug|Any CPU
		{52D80288-1FE3-4A4F-9C85-E5BEFF5D92A0}.Debug|Any CPU.Build.0 = Debug|Any CPU
		{52D80288-1FE3-4A4F-9C85-E5BEFF5D92A0}.Release|Any CPU.ActiveCfg = Release|Any CPU
		{52D80288-1FE3-4A4F-9C85-E5BEFF5D92A0}.Release|Any CPU.Build.0 = Release|Any CPU
	EndGlobalSection
EndGlobal
