
Microsoft Visual Studio Solution File, Format Version 12.00
Project("{FAE04EC0-301F-11D3-BF4B-00C04F79EFBC}") = "XeniaManager", "source\XeniaManager\XeniaManager.csproj", "{C1194559-39E9-4BE5-9BEC-ECFE90D74B08}"
EndProject
Project("{FAE04EC0-301F-11D3-BF4B-00C04F79EFBC}") = "XeniaManager.Tests", "tests\XeniaManager.Tests\XeniaManager.Tests.csproj", "{57CB1591-BB63-4C70-8D25-11A1F6D19E8E}"
EndProject
Project("{FAE04EC0-301F-11D3-BF4B-00C04F79EFBC}") = "XeniaManager.Core", "source\XeniaManager.Core\XeniaManager.Core.csproj", "{52D80288-1FE3-4A4F-9C85-E5BEFF5D92A0}"
EndProject
Project("{FAE04EC0-301F-11D3-BF4B-00C04F79EFBC}") = "XeniaManager.BigScreen", "source\XeniaManager.BigScreen\XeniaManager.BigScreen.csproj", "{823BCB3C-82FD-40BB-9CE9-AF2BACE9A2DC}"
EndProject
Project("{FAE04EC0-301F-11D3-BF4B-00C04F79EFBC}") = "XeniaManager.Logging", "source\XeniaManager.Logging\XeniaManager.Logging.csproj", "{CDBCAF3C-0FB6-420B-98B6-480B7AEF11EF}"
EndProject
Project("{FAE04EC0-301F-11D3-BF4B-00C04F79EFBC}") = "XeniaManager.Files", "source\XeniaManager.Files\XeniaManager.Files.csproj", "{67BE7047-BF58-4C3E-AC3B-B94E27E0B158}"
EndProject
Project("{2150E333-8FDC-42A3-9474-1A3956D46DE8}") = "source", "source", "{2738CC34-391E-4779-ADE4-76CEBB435B40}"
EndProject
Project("{2150E333-8FDC-42A3-9474-1A3956D46DE8}") = "tests", "tests", "{D175FBBD-5534-4C2F-8C5A-CDE97B190633}"
EndProject
Global
	GlobalSection(SolutionConfigurationPlatforms) = preSolution
		Debug|Any CPU = Debug|Any CPU
		Release|Any CPU = Release|Any CPU
	EndGlobalSection
	GlobalSection(ProjectConfigurationPlatforms) = postSolution
		{C1194559-39E9-4BE5-9BEC-ECFE90D74B08}.Debug|Any CPU.ActiveCfg = Debug|Any CPU
		{C1194559-39E9-4BE5-9BEC-ECFE90D74B08}.Debug|Any CPU.Build.0 = Debug|Any CPU
		{C1194559-39E9-4BE5-9BEC-ECFE90D74B08}.Release|Any CPU.ActiveCfg = Release|Any CPU
		{C1194559-39E9-4BE5-9BEC-ECFE90D74B08}.Release|Any CPU.Build.0 = Release|Any CPU
		{57CB1591-BB63-4C70-8D25-11A1F6D19E8E}.Debug|Any CPU.ActiveCfg = Debug|Any CPU
		{57CB1591-BB63-4C70-8D25-11A1F6D19E8E}.Debug|Any CPU.Build.0 = Debug|Any CPU
		{57CB1591-BB63-4C70-8D25-11A1F6D19E8E}.Release|Any CPU.ActiveCfg = Release|Any CPU
		{57CB1591-BB63-4C70-8D25-11A1F6D19E8E}.Release|Any CPU.Build.0 = Release|Any CPU
		{52D80288-1FE3-4A4F-9C85-E5BEFF5D92A0}.Debug|Any CPU.ActiveCfg = Debug|Any CPU
		{52D80288-1FE3-4A4F-9C85-E5BEFF5D92A0}.Debug|Any CPU.Build.0 = Debug|Any CPU
		{52D80288-1FE3-4A4F-9C85-E5BEFF5D92A0}.Release|Any CPU.ActiveCfg = Release|Any CPU
		{52D80288-1FE3-4A4F-9C85-E5BEFF5D92A0}.Release|Any CPU.Build.0 = Release|Any CPU
		{823BCB3C-82FD-40BB-9CE9-AF2BACE9A2DC}.Debug|Any CPU.ActiveCfg = Debug|Any CPU
		{823BCB3C-82FD-40BB-9CE9-AF2BACE9A2DC}.Debug|Any CPU.Build.0 = Debug|Any CPU
		{823BCB3C-82FD-40BB-9CE9-AF2BACE9A2DC}.Release|Any CPU.ActiveCfg = Release|Any CPU
		{823BCB3C-82FD-40BB-9CE9-AF2BACE9A2DC}.Release|Any CPU.Build.0 = Release|Any CPU
		{CDBCAF3C-0FB6-420B-98B6-480B7AEF11EF}.Debug|Any CPU.ActiveCfg = Debug|Any CPU
		{CDBCAF3C-0FB6-420B-98B6-480B7AEF11EF}.Debug|Any CPU.Build.0 = Debug|Any CPU
		{CDBCAF3C-0FB6-420B-98B6-480B7AEF11EF}.Release|Any CPU.ActiveCfg = Release|Any CPU
		{CDBCAF3C-0FB6-420B-98B6-480B7AEF11EF}.Release|Any CPU.Build.0 = Release|Any CPU
		{67BE7047-BF58-4C3E-AC3B-B94E27E0B158}.Debug|Any CPU.ActiveCfg = Debug|Any CPU
		{67BE7047-BF58-4C3E-AC3B-B94E27E0B158}.Debug|Any CPU.Build.0 = Debug|Any CPU
		{67BE7047-BF58-4C3E-AC3B-B94E27E0B158}.Release|Any CPU.ActiveCfg = Release|Any CPU
		{67BE7047-BF58-4C3E-AC3B-B94E27E0B158}.Release|Any CPU.Build.0 = Release|Any CPU
	EndGlobalSection
	GlobalSection(SolutionProperties) = preSolution
		HideSolutionNode = FALSE
	EndGlobalSection
	GlobalSection(NestedProjects) = preSolution
		{C1194559-39E9-4BE5-9BEC-ECFE90D74B08} = {2738CC34-391E-4779-ADE4-76CEBB435B40}
		{57CB1591-BB63-4C70-8D25-11A1F6D19E8E} = {D175FBBD-5534-4C2F-8C5A-CDE97B190633}
		{52D80288-1FE3-4A4F-9C85-E5BEFF5D92A0} = {2738CC34-391E-4779-ADE4-76CEBB435B40}
		{823BCB3C-82FD-40BB-9CE9-AF2BACE9A2DC} = {2738CC34-391E-4779-ADE4-76CEBB435B40}
		{CDBCAF3C-0FB6-420B-98B6-480B7AEF11EF} = {2738CC34-391E-4779-ADE4-76CEBB435B40}
		{67BE7047-BF58-4C3E-AC3B-B94E27E0B158} = {2738CC34-391E-4779-ADE4-76CEBB435B40}
	EndGlobalSection
EndGlobal
